
Microsoft Visual Studio Solution File, Format Version 12.00
Project("{FAE04EC0-301F-11D3-BF4B-00C04F79EFBC}") = "FlexVer", "FlexVer\FlexVer.csproj", "{52D04AC8-009E-4322-8FDC-147323A3E1F2}"
EndProject
Project("{FAE04EC0-301F-11D3-BF4B-00C04F79EFBC}") = "FlexVerTests", "FlexVerTests\FlexVerTests.csproj", "{6607097E-4D6F-491E-87AE-40BFDF6C858A}"
EndProject
Project("{FAE04EC0-301F-11D3-BF4B-00C04F79EFBC}") = "FlexVerBenchmarkHarness", "FlexVerBenchmarkHarness\FlexVerBenchmarkHarness.csproj", "{6F8DC208-6EA3-4341-B602-C3477FC90F22}"
EndProject
Global
	GlobalSection(SolutionConfigurationPlatforms) = preSolution
		Debug|Any CPU = Debug|Any CPU
		Release|Any CPU = Release|Any CPU
	EndGlobalSection
	GlobalSection(ProjectConfigurationPlatforms) = postSolution
		{52D04AC8-009E-4322-8FDC-147323A3E1F2}.Debug|Any CPU.ActiveCfg = Debug|Any CPU
		{52D04AC8-009E-4322-8FDC-147323A3E1F2}.Debug|Any CPU.Build.0 = Debug|Any CPU
		{52D04AC8-009E-4322-8FDC-147323A3E1F2}.Release|Any CPU.ActiveCfg = Release|Any CPU
		{52D04AC8-009E-4322-8FDC-147323A3E1F2}.Release|Any CPU.Build.0 = Release|Any CPU
		{6607097E-4D6F-491E-87AE-40BFDF6C858A}.Debug|Any CPU.ActiveCfg = Debug|Any CPU
		{6607097E-4D6F-491E-87AE-40BFDF6C858A}.Debug|Any CPU.Build.0 = Debug|Any CPU
		{6607097E-4D6F-491E-87AE-40BFDF6C858A}.Release|Any CPU.ActiveCfg = Release|Any CPU
		{6607097E-4D6F-491E-87AE-40BFDF6C858A}.Release|Any CPU.Build.0 = Release|Any CPU
		{6F8DC208-6EA3-4341-B602-C3477FC90F22}.Debug|Any CPU.ActiveCfg = Debug|Any CPU
		{6F8DC208-6EA3-4341-B602-C3477FC90F22}.Debug|Any CPU.Build.0 = Debug|Any CPU
		{6F8DC208-6EA3-4341-B602-C3477FC90F22}.Release|Any CPU.ActiveCfg = Release|Any CPU
		{6F8DC208-6EA3-4341-B602-C3477FC90F22}.Release|Any CPU.Build.0 = Release|Any CPU
	EndGlobalSection
EndGlobal
